PODS:
  - Bolts/Tasks (1.5.0)
  - Expecta (1.0.0)
  - Expecta+Snapshots (1.3.4):
    - Expecta (~> 1.0)
    - FBSnapshotTestCase (~> 1.8)
  - FBSnapshotTestCase (1.8.1)
  - LocationPlayback (0.1.1):
    - Parse (~> 1.7.4)
    - PureLayout (~> 2.0.6)
  - Parse (1.7.5.3):
    - Bolts/Tasks (>= 1.2.0)
  - PureLayout (2.0.6)
  - Specta (1.0.2)

DEPENDENCIES:
  - Expecta
  - Expecta+Snapshots
  - FBSnapshotTestCase
  - LocationPlayback (from `../`)
  - Specta

EXTERNAL SOURCES:
  LocationPlayback:
    :path: "../"

SPEC CHECKSUMS:
  Bolts: 722ab9a4f8b50fc4ed1b9998a5a7a2b3f16d80b4
  Expecta: 32604574add2c46a36f8d2f716b6c5736eb75024
  Expecta+Snapshots: ca15bfb57e7a0f78f86c7699c2c54ffacfa4ad2a
  FBSnapshotTestCase: 3dc3899168747a0319c5278f5b3445c13a6532dd
  LocationPlayback: 328c73b8a83180c1fefdd3096504c4759956765a
  Parse: 373adbb1ad2e34d383542c3b28f678c49ebe4881
  PureLayout: f25f0bb904d5ccfe6e31da3cb869185259f02e0d
  Specta: 9cec98310dca411f7c7ffd6943552b501622abfe

COCOAPODS: 0.39.0
